
Microsoft Visual Studio Solution File, Format Version 12.00
# Visual Studio Version 16
VisualStudioVersion = 16.0.808.6
MinimumVisualStudioVersion = 10.0.40219.1
Project("{FAE04EC0-301F-11D3-BF4B-00C04F79EFBC}") = "FileProessor.Tests", "FileProessor.Tests\FileProessor.Tests.csproj", "{4D2440AC-3F41-4371-90B3-4A8E5DE90A6E}"
EndProject
Project("{FAE04EC0-301F-11D3-BF4B-00C04F79EFBC}") = "FileProcessor", "FileProcessor\FileProcessor.csproj", "{F9586C30-8B87-4A07-A920-6574A7CA47A5}"
EndProject
Project("{FAE04EC0-301F-11D3-BF4B-00C04F79EFBC}") = "FileProcessor.App", "FileProcessor.App\FileProcessor.App.csproj", "{E1AD3DB4-3694-455D-A890-0AC8F5A85E2A}"
EndProject
Global
	GlobalSection(SolutionConfigurationPlatforms) = preSolution
		Debug|Any CPU = Debug|Any CPU
		Release|Any CPU = Release|Any CPU
	EndGlobalSection
	GlobalSection(ProjectConfigurationPlatforms) = postSolution
		{4D2440AC-3F41-4371-90B3-4A8E5DE90A6E}.Debug|Any CPU.ActiveCfg = Debug|Any CPU
		{4D2440AC-3F41-4371-90B3-4A8E5DE90A6E}.Debug|Any CPU.Build.0 = Debug|Any CPU
		{4D2440AC-3F41-4371-90B3-4A8E5DE90A6E}.Release|Any CPU.ActiveCfg = Release|Any CPU
		{4D2440AC-3F41-4371-90B3-4A8E5DE90A6E}.Release|Any CPU.Build.0 = Release|Any CPU
		{F9586C30-8B87-4A07-A920-6574A7CA47A5}.Debug|Any CPU.ActiveCfg = Debug|Any CPU
		{F9586C30-8B87-4A07-A920-6574A7CA47A5}.Debug|Any CPU.Build.0 = Debug|Any CPU
		{F9586C30-8B87-4A07-A920-6574A7CA47A5}.Release|Any CPU.ActiveCfg = Release|Any CPU
		{F9586C30-8B87-4A07-A920-6574A7CA47A5}.Release|Any CPU.Build.0 = Release|Any CPU
		{E1AD3DB4-3694-455D-A890-0AC8F5A85E2A}.Debug|Any CPU.ActiveCfg = Debug|Any CPU
		{E1AD3DB4-3694-455D-A890-0AC8F5A85E2A}.Debug|Any CPU.Build.0 = Debug|Any CPU
		{E1AD3DB4-3694-455D-A890-0AC8F5A85E2A}.Release|Any CPU.ActiveCfg = Release|Any CPU
		{E1AD3DB4-3694-455D-A890-0AC8F5A85E2A}.Release|Any CPU.Build.0 = Release|Any CPU
	EndGlobalSection
	GlobalSection(SolutionProperties) = preSolution
		HideSolutionNode = FALSE
	EndGlobalSection
	GlobalSection(ExtensibilityGlobals) = postSolution
		SolutionGuid = {4C3AA999-2637-4A31-BC09-4D51CF063BEE}
	EndGlobalSection
EndGlobal
